
Microsoft Visual Studio Solution File, Format Version 12.00
# Visual Studio Version 17
VisualStudioVersion = 17.5.33414.496
MinimumVisualStudioVersion = 10.0.40219.1
Project("{9A19103F-16F7-4668-BE54-9A1E7A4F7556}") = "WebApp", "WebApp\WebApp.csproj", "{8C749E1A-3E19-4889-AA20-136CCB2554AD}"
EndProject
Project("{FAE04EC0-301F-11D3-BF4B-00C04F79EFBC}") = "ControllerGenerator", "ControllerGenerator\ControllerGenerator.csproj", "{221C98C8-A298-41F9-BF7C-4B218CC14E62}"
EndProject
Global
	GlobalSection(SolutionConfigurationPlatforms) = preSolution
		Debug|Any CPU = Debug|Any CPU
		Release|Any CPU = Release|Any CPU
	EndGlobalSection
	GlobalSection(ProjectConfigurationPlatforms) = postSolution
		{8C749E1A-3E19-4889-AA20-136CCB2554AD}.Debug|Any CPU.ActiveCfg = Debug|Any CPU
		{8C749E1A-3E19-4889-AA20-136CCB2554AD}.Debug|Any CPU.Build.0 = Debug|Any CPU
		{8C749E1A-3E19-4889-AA20-136CCB2554AD}.Release|Any CPU.ActiveCfg = Release|Any CPU
		{8C749E1A-3E19-4889-AA20-136CCB2554AD}.Release|Any CPU.Build.0 = Release|Any CPU
		{221C98C8-A298-41F9-BF7C-4B218CC14E62}.Debug|Any CPU.ActiveCfg = Debug|Any CPU
		{221C98C8-A298-41F9-BF7C-4B218CC14E62}.Debug|Any CPU.Build.0 = Debug|Any CPU
		{221C98C8-A298-41F9-BF7C-4B218CC14E62}.Release|Any CPU.ActiveCfg = Release|Any CPU
		{221C98C8-A298-41F9-BF7C-4B218CC14E62}.Release|Any CPU.Build.0 = Release|Any CPU
	EndGlobalSection
	GlobalSection(SolutionProperties) = preSolution
		HideSolutionNode = FALSE
	EndGlobalSection
	GlobalSection(ExtensibilityGlobals) = postSolution
		SolutionGuid = {DECC3280-9906-4647-9AC1-F38BEC2029AD}
	EndGlobalSection
EndGlobal
