
Microsoft Visual Studio Solution File, Format Version 12.00
# Visual Studio Version 17
VisualStudioVersion = 17.5.33414.496
MinimumVisualStudioVersion = 10.0.40219.1
Project("{FAE04EC0-301F-11D3-BF4B-00C04F79EFBC}") = "ControllerGenerator", "ControllerGenerator\ControllerGenerator.csproj", "{A546108B-AF02-4120-B27F-338230A23579}"
EndProject
Global
	GlobalSection(SolutionConfigurationPlatforms) = preSolution
		Debug|Any CPU = Debug|Any CPU
		Release|Any CPU = Release|Any CPU
	EndGlobalSection
	GlobalSection(ProjectConfigurationPlatforms) = postSolution
		{A546108B-AF02-4120-B27F-338230A23579}.Debug|Any CPU.ActiveCfg = Debug|Any CPU
		{A546108B-AF02-4120-B27F-338230A23579}.Debug|Any CPU.Build.0 = Debug|Any CPU
		{A546108B-AF02-4120-B27F-338230A23579}.Release|Any CPU.ActiveCfg = Release|Any CPU
		{A546108B-AF02-4120-B27F-338230A23579}.Release|Any CPU.Build.0 = Release|Any CPU
	EndGlobalSection
	GlobalSection(SolutionProperties) = preSolution
		HideSolutionNode = FALSE
	EndGlobalSection
	GlobalSection(ExtensibilityGlobals) = postSolution
		SolutionGuid = {DECC3280-9906-4647-9AC1-F38BEC2029AD}
	EndGlobalSection
EndGlobal
